# THIS IS AN AUTOGENERATED FILE. DO NOT EDIT THIS FILE DIRECTLY.
# yarn lockfile v1


"@types/mithril@^2.0.2":
  version "2.0.2"
  resolved "https://registry.yarnpkg.com/@types/mithril/-/mithril-2.0.2.tgz#29a6e32103769b29840ae25f5bf75bb382801a15"
  integrity sha512-q0W5GGjWNxwmKPcfkkQJqSUIVr7yvMz1zH2enWDab8yDqvZuEgkR4+mcf1O70Wnreawg8OH4axfACDVdg2zskQ==

mithril@^2.0.4:
  version "2.0.4"
  resolved "https://registry.yarnpkg.com/mithril/-/mithril-2.0.4.tgz#d125969d992b924c7185d24ff92d997e5c00116b"
  integrity sha512-mgw+DMZlhMS4PpprF6dl7ZoeZq5GGcAuWnrg5e12MvaGauc4jzWsDZtVGRCktsiQczOEUr2K5teKbE5k44RlOg==
